// !$*UTF8*$!
{
	archiveVersion = 1;
	classes = {
	};
	objectVersion = 46;
	objects = {

/* Begin PBXBuildFile section */
		307DACA31B3D108F005058F7 /* main.m in Sources */ = {isa = PBXBuildFile; fileRef = 307DACA21B3D108F005058F7 /* main.m */; };
		307DACA61B3D108F005058F7 /* AppDelegate.m in Sources */ = {isa = PBXBuildFile; fileRef = 307DACA51B3D108F005058F7 /* AppDelegate.m */; };
		307DACA91B3D108F005058F7 /* ViewController.m in Sources */ = {isa = PBXBuildFile; fileRef = 307DACA81B3D108F005058F7 /* ViewController.m */; };
		307DACAC1B3D108F005058F7 /* Main.storyboard in Resources */ = {isa = PBXBuildFile; fileRef = 307DACAA1B3D108F005058F7 /* Main.storyboard */; };
		307DACAE1B3D108F005058F7 /* Images.xcassets in Resources */ = {isa = PBXBuildFile; fileRef = 307DACAD1B3D108F005058F7 /* Images.xcassets */; };
		307DACB11B3D108F005058F7 /* LaunchScreen.xib in Resources */ = {isa = PBXBuildFile; fileRef = 307DACAF1B3D108F005058F7 /* LaunchScreen.xib */; };
		307DACBD1B3D1090005058F7 /* ChildVCPureLayoutTryerTests.m in Sources */ = {isa = PBXBuildFile; fileRef = 307DACBC1B3D1090005058F7 /* ChildVCPureLayoutTryerTests.m */; };
		307DACCA1B3D12C5005058F7 /* FirstViewController.m in Sources */ = {isa = PBXBuildFile; fileRef = 307DACC71B3D12C5005058F7 /* FirstViewController.m */; };
		307DACCB1B3D12C5005058F7 /* SecondViewController.m in Sources */ = {isa = PBXBuildFile; fileRef = 307DACC91B3D12C5005058F7 /* SecondViewController.m */; };
		30C1B7341B3D4B0600E2D616 /* MyTabBarViewController.m in Sources */ = {isa = PBXBuildFile; fileRef = 30C1B7331B3D4B0600E2D616 /* MyTabBarViewController.m */; };
		30C1B73A1B3D4C1A00E2D616 /* UIViewController+Container.m in Sources */ = {isa = PBXBuildFile; fileRef = 30C1B7391B3D4C1A00E2D616 /* UIViewController+Container.m */; };
		30C1B73E1B3D50BC00E2D616 /* BPTabBar.m in Sources */ = {isa = PBXBuildFile; fileRef = 30C1B73D1B3D50BC00E2D616 /* BPTabBar.m */; };
		9F7599CB4776937F40EE7A26 /* libPods-ChildVCPureLayoutTryer.a in Frameworks */ = {isa = PBXBuildFile; fileRef = 3DF8689013ED29AA56CDE16A /* libPods-ChildVCPureLayoutTryer.a */; };
/* End PBXBuildFile section */

/* Begin PBXContainerItemProxy section */
		307DACB71B3D1090005058F7 /* PBXContainerItemProxy */ = {
			isa = PBXContainerItemProxy;
			containerPortal = 307DAC951B3D108F005058F7 /* Project object */;
			proxyType = 1;
			remoteGlobalIDString = 307DAC9C1B3D108F005058F7;
			remoteInfo = ChildVCPureLayoutTryer;
		};
/* End PBXContainerItemProxy section */

/* Begin PBXFileReference section */
		0DC39A084CC1514E2C016D39 /* Pods-ChildVCPureLayoutTryer.debug.xcconfig */ = {isa = PBXFileReference; includeInIndex = 1; lastKnownFileType = text.xcconfig; name = "Pods-ChildVCPureLayoutTryer.debug.xcconfig"; path = "Pods/Target Support Files/Pods-ChildVCPureLayoutTryer/Pods-ChildVCPureLayoutTryer.debug.xcconfig"; sourceTree = "<group>"; };
		307DAC9D1B3D108F005058F7 /* ChildVCPureLayoutTryer.app */ = {isa = PBXFileReference; explicitFileType = wrapper.application; includeInIndex = 0; path = ChildVCPureLayoutTryer.app; sourceTree = BUILT_PRODUCTS_DIR; };
		307DACA11B3D108F005058F7 /* Info.plist */ = {isa = PBXFileReference; lastKnownFileType = text.plist.xml; path = Info.plist; sourceTree = "<group>"; };
		307DACA21B3D108F005058F7 /* main.m */ = {isa = PBXFileReference; lastKnownFileType = sourcecode.c.objc; path = main.m; sourceTree = "<group>"; };
		307DACA41B3D108F005058F7 /* AppDelegate.h */ = {isa = PBXFileReference; lastKnownFileType = sourcecode.c.h; path = AppDelegate.h; sourceTree = "<group>"; };
		307DACA51B3D108F005058F7 /* AppDelegate.m */ = {isa = PBXFileReference; lastKnownFileType = sourcecode.c.objc; path = AppDelegate.m; sourceTree = "<group>"; };
		307DACA71B3D108F005058F7 /* ViewController.h */ = {isa = PBXFileReference; lastKnownFileType = sourcecode.c.h; path = ViewController.h; sourceTree = "<group>"; };
		307DACA81B3D108F005058F7 /* ViewController.m */ = {isa = PBXFileReference; lastKnownFileType = sourcecode.c.objc; path = ViewController.m; sourceTree = "<group>"; };
		307DACAB1B3D108F005058F7 /* Base */ = {isa = PBXFileReference; lastKnownFileType = file.storyboard; name = Base; path = Base.lproj/Main.storyboard; sourceTree = "<group>"; };
		307DACAD1B3D108F005058F7 /* Images.xcassets */ = {isa = PBXFileReference; lastKnownFileType = folder.assetcatalog; path = Images.xcassets; sourceTree = "<group>"; };
		307DACB01B3D108F005058F7 /* Base */ = {isa = PBXFileReference; lastKnownFileType = file.xib; name = Base; path = Base.lproj/LaunchScreen.xib; sourceTree = "<group>"; };
		307DACB61B3D1090005058F7 /* ChildVCPureLayoutTryerTests.xctest */ = {isa = PBXFileReference; explicitFileType = wrapper.cfbundle; includeInIndex = 0; path = ChildVCPureLayoutTryerTests.xctest; sourceTree = BUILT_PRODUCTS_DIR; };
		307DACBB1B3D1090005058F7 /* Info.plist */ = {isa = PBXFileReference; lastKnownFileType = text.plist.xml; path = Info.plist; sourceTree = "<group>"; };
		307DACBC1B3D1090005058F7 /* ChildVCPureLayoutTryerTests.m */ = {isa = PBXFileReference; lastKnownFileType = sourcecode.c.objc; path = ChildVCPureLayoutTryerTests.m; sourceTree = "<group>"; };
		307DACC61B3D12C5005058F7 /* FirstViewController.h */ = {isa = PBXFileReference; fileEncoding = 4; lastKnownFileType = sourcecode.c.h; path = FirstViewController.h; sourceTree = "<group>"; };
		307DACC71B3D12C5005058F7 /* FirstViewController.m */ = {isa = PBXFileReference; fileEncoding = 4; lastKnownFileType = sourcecode.c.objc; path = FirstViewController.m; sourceTree = "<group>"; };
		307DACC81B3D12C5005058F7 /* SecondViewController.h */ = {isa = PBXFileReference; fileEncoding = 4; lastKnownFileType = sourcecode.c.h; path = SecondViewController.h; sourceTree = "<group>"; };
		307DACC91B3D12C5005058F7 /* SecondViewController.m */ = {isa = PBXFileReference; fileEncoding = 4; lastKnownFileType = sourcecode.c.objc; path = SecondViewController.m; sourceTree = "<group>"; };
		30C1B7321B3D4B0600E2D616 /* MyTabBarViewController.h */ = {isa = PBXFileReference; fileEncoding = 4; lastKnownFileType = sourcecode.c.h; path = MyTabBarViewController.h; sourceTree = "<group>"; };
		30C1B7331B3D4B0600E2D616 /* MyTabBarViewController.m */ = {isa = PBXFileReference; fileEncoding = 4; lastKnownFileType = sourcecode.c.objc; path = MyTabBarViewController.m; sourceTree = "<group>"; };
		30C1B7381B3D4C1A00E2D616 /* UIViewController+Container.h */ = {isa = PBXFileReference; fileEncoding = 4; lastKnownFileType = sourcecode.c.h; path = "UIViewController+Container.h"; sourceTree = "<group>"; };
		30C1B7391B3D4C1A00E2D616 /* UIViewController+Container.m */ = {isa = PBXFileReference; fileEncoding = 4; lastKnownFileType = sourcecode.c.objc; path = "UIViewController+Container.m"; sourceTree = "<group>"; };
		30C1B73C1B3D50BC00E2D616 /* BPTabBar.h */ = {isa = PBXFileReference; fileEncoding = 4; lastKnownFileType = sourcecode.c.h; path = BPTabBar.h; sourceTree = "<group>"; };
		30C1B73D1B3D50BC00E2D616 /* BPTabBar.m */ = {isa = PBXFileReference; fileEncoding = 4; lastKnownFileType = sourcecode.c.objc; path = BPTabBar.m; sourceTree = "<group>"; };
		3DF8689013ED29AA56CDE16A /* libPods-ChildVCPureLayoutTryer.a */ = {isa = PBXFileReference; explicitFileType = archive.ar; includeInIndex = 0; path = "libPods-ChildVCPureLayoutTryer.a"; sourceTree = BUILT_PRODUCTS_DIR; };
		7384FEE22426661BF0765DF7 /* Pods-ChildVCPureLayoutTryer.release.xcconfig */ = {isa = PBXFileReference; includeInIndex = 1; lastKnownFileType = text.xcconfig; name = "Pods-ChildVCPureLayoutTryer.release.xcconfig"; path = "Pods/Target Support Files/Pods-ChildVCPureLayoutTryer/Pods-ChildVCPureLayoutTryer.release.xcconfig"; sourceTree = "<group>"; };
/* End PBXFileReference section */

/* Begin PBXFrameworksBuildPhase section */
		307DAC9A1B3D108F005058F7 /* Frameworks */ = {
			isa = PBXFrameworksBuildPhase;
			buildActionMask = 2147483647;
			files = (
				9F7599CB4776937F40EE7A26 /* libPods-ChildVCPureLayoutTryer.a in Frameworks */,
			);
			runOnlyForDeploymentPostprocessing = 0;
		};
		307DACB31B3D1090005058F7 /* Frameworks */ = {
			isa = PBXFrameworksBuildPhase;
			buildActionMask = 2147483647;
			files = (
			);
			runOnlyForDeploymentPostprocessing = 0;
		};
/* End PBXFrameworksBuildPhase section */

/* Begin PBXGroup section */
		1D83C08E33249D37D2A4A4B3 /* Pods */ = {
			isa = PBXGroup;
			children = (
				0DC39A084CC1514E2C016D39 /* Pods-ChildVCPureLayoutTryer.debug.xcconfig */,
				7384FEE22426661BF0765DF7 /* Pods-ChildVCPureLayoutTryer.release.xcconfig */,
			);
			name = Pods;
			sourceTree = "<group>";
		};
		2D64F6050E463C6C5E4E34CC /* Frameworks */ = {
			isa = PBXGroup;
			children = (
				3DF8689013ED29AA56CDE16A /* libPods-ChildVCPureLayoutTryer.a */,
			);
			name = Frameworks;
			sourceTree = "<group>";
		};
		307DAC941B3D108F005058F7 = {
			isa = PBXGroup;
			children = (
				307DAC9F1B3D108F005058F7 /* ChildVCPureLayoutTryer */,
				307DACB91B3D1090005058F7 /* ChildVCPureLayoutTryerTests */,
				307DAC9E1B3D108F005058F7 /* Products */,
				1D83C08E33249D37D2A4A4B3 /* Pods */,
				2D64F6050E463C6C5E4E34CC /* Frameworks */,
			);
			sourceTree = "<group>";
		};
		307DAC9E1B3D108F005058F7 /* Products */ = {
			isa = PBXGroup;
			children = (
				307DAC9D1B3D108F005058F7 /* ChildVCPureLayoutTryer.app */,
				307DACB61B3D1090005058F7 /* ChildVCPureLayoutTryerTests.xctest */,
			);
			name = Products;
			sourceTree = "<group>";
		};
		307DAC9F1B3D108F005058F7 /* ChildVCPureLayoutTryer */ = {
			isa = PBXGroup;
			children = (
				30C1B73B1B3D509600E2D616 /* Components */,
				307DACA41B3D108F005058F7 /* AppDelegate.h */,
				307DACA51B3D108F005058F7 /* AppDelegate.m */,
				307DACA71B3D108F005058F7 /* ViewController.h */,
				307DACA81B3D108F005058F7 /* ViewController.m */,
				307DACC61B3D12C5005058F7 /* FirstViewController.h */,
				307DACC71B3D12C5005058F7 /* FirstViewController.m */,
				307DACC81B3D12C5005058F7 /* SecondViewController.h */,
				307DACC91B3D12C5005058F7 /* SecondViewController.m */,
				30C1B7321B3D4B0600E2D616 /* MyTabBarViewController.h */,
				30C1B7331B3D4B0600E2D616 /* MyTabBarViewController.m */,
				30C1B7381B3D4C1A00E2D616 /* UIViewController+Container.h */,
				30C1B7391B3D4C1A00E2D616 /* UIViewController+Container.m */,
				307DACAA1B3D108F005058F7 /* Main.storyboard */,
				307DACAD1B3D108F005058F7 /* Images.xcassets */,
				307DACAF1B3D108F005058F7 /* LaunchScreen.xib */,
				307DACA01B3D108F005058F7 /* Supporting Files */,
			);
			path = ChildVCPureLayoutTryer;
			sourceTree = "<group>";
		};
		307DACA01B3D108F005058F7 /* Supporting Files */ = {
			isa = PBXGroup;
			children = (
				307DACA11B3D108F005058F7 /* Info.plist */,
				307DACA21B3D108F005058F7 /* main.m */,
			);
			name = "Supporting Files";
			sourceTree = "<group>";
		};
		307DACB91B3D1090005058F7 /* ChildVCPureLayoutTryerTests */ = {
			isa = PBXGroup;
			children = (
				307DACBC1B3D1090005058F7 /* ChildVCPureLayoutTryerTests.m */,
				307DACBA1B3D1090005058F7 /* Supporting Files */,
			);
			path = ChildVCPureLayoutTryerTests;
			sourceTree = "<group>";
		};
		307DACBA1B3D1090005058F7 /* Supporting Files */ = {
			isa = PBXGroup;
			children = (
				307DACBB1B3D1090005058F7 /* Info.plist */,
			);
			name = "Supporting Files";
			sourceTree = "<group>";
		};
		30C1B73B1B3D509600E2D616 /* Components */ = {
			isa = PBXGroup;
			children = (
				30C1B73C1B3D50BC00E2D616 /* BPTabBar.h */,
				30C1B73D1B3D50BC00E2D616 /* BPTabBar.m */,
			);
			path = Components;
			sourceTree = "<group>";
		};
/* End PBXGroup section */

/* Begin PBXNativeTarget section */
		307DAC9C1B3D108F005058F7 /* ChildVCPureLayoutTryer */ = {
			isa = PBXNativeTarget;
			buildConfigurationList = 307DACC01B3D1090005058F7 /* Build configuration list for PBXNativeTarget "ChildVCPureLayoutTryer" */;
			buildPhases = (
				35BBEEAAD2BA0AFB460312F4 /* Check Pods Manifest.lock */,
				307DAC991B3D108F005058F7 /* Sources */,
				307DAC9A1B3D108F005058F7 /* Frameworks */,
				307DAC9B1B3D108F005058F7 /* Resources */,
				B4FDC36BC3C1244824A9EADD /* Copy Pods Resources */,
			);
			buildRules = (
			);
			dependencies = (
			);
			name = ChildVCPureLayoutTryer;
			productName = ChildVCPureLayoutTryer;
			productReference = 307DAC9D1B3D108F005058F7 /* ChildVCPureLayoutTryer.app */;
			productType = "com.apple.product-type.application";
		};
		307DACB51B3D1090005058F7 /* ChildVCPureLayoutTryerTests */ = {
			isa = PBXNativeTarget;
			buildConfigurationList = 307DACC31B3D1090005058F7 /* Build configuration list for PBXNativeTarget "ChildVCPureLayoutTryerTests" */;
			buildPhases = (
				307DACB21B3D1090005058F7 /* Sources */,
				307DACB31B3D1090005058F7 /* Frameworks */,
				307DACB41B3D1090005058F7 /* Resources */,
			);
			buildRules = (
			);
			dependencies = (
				307DACB81B3D1090005058F7 /* PBXTargetDependency */,
			);
			name = ChildVCPureLayoutTryerTests;
			productName = ChildVCPureLayoutTryerTests;
			productReference = 307DACB61B3D1090005058F7 /* ChildVCPureLayoutTryerTests.xctest */;
			productType = "com.apple.product-type.bundle.unit-test";
		};
/* End PBXNativeTarget section */

/* Begin PBXProject section */
		307DAC951B3D108F005058F7 /* Project object */ = {
			isa = PBXProject;
			attributes = {
				LastUpgradeCheck = 0630;
				ORGANIZATIONNAME = "Chen YU";
				TargetAttributes = {
					307DAC9C1B3D108F005058F7 = {
						CreatedOnToolsVersion = 6.3.2;
					};
					307DACB51B3D1090005058F7 = {
						CreatedOnToolsVersion = 6.3.2;
						TestTargetID = 307DAC9C1B3D108F005058F7;
					};
				};
			};
			buildConfigurationList = 307DAC981B3D108F005058F7 /* Build configuration list for PBXProject "ChildVCPureLayoutTryer" */;
			compatibilityVersion = "Xcode 3.2";
			developmentRegion = English;
			hasScannedForEncodings = 0;
			knownRegions = (
				en,
				Base,
			);
			mainGroup = 307DAC941B3D108F005058F7;
			productRefGroup = 307DAC9E1B3D108F005058F7 /* Products */;
			projectDirPath = "";
			projectRoot = "";
			targets = (
				307DAC9C1B3D108F005058F7 /* ChildVCPureLayoutTryer */,
				307DACB51B3D1090005058F7 /* ChildVCPureLayoutTryerTests */,
			);
		};
/* End PBXProject section */

/* Begin PBXResourcesBuildPhase section */
		307DAC9B1B3D108F005058F7 /* Resources */ = {
			isa = PBXResourcesBuildPhase;
			buildActionMask = 2147483647;
			files = (
				307DACAC1B3D108F005058F7 /* Main.storyboard in Resources */,
				307DACB11B3D108F005058F7 /* LaunchScreen.xib in Resources */,
				307DACAE1B3D108F005058F7 /* Images.xcassets in Resources */,
			);
			runOnlyForDeploymentPostprocessing = 0;
		};
		307DACB41B3D1090005058F7 /* Resources */ = {
			isa = PBXResourcesBuildPhase;
			buildActionMask = 2147483647;
			files = (
			);
			runOnlyForDeploymentPostprocessing = 0;
		};
/* End PBXResourcesBuildPhase section */

/* Begin PBXShellScriptBuildPhase section */
		35BBEEAAD2BA0AFB460312F4 /* Check Pods Manifest.lock */ = {
			isa = PBXShellScriptBuildPhase;
			buildActionMask = 2147483647;
			files = (
			);
			inputPaths = (
			);
			name = "Check Pods Manifest.lock";
			outputPaths = (
			);
			runOnlyForDeploymentPostprocessing = 0;
			shellPath = /bin/sh;
			shellScript = "diff \"${PODS_ROOT}/../Podfile.lock\" \"${PODS_ROOT}/Manifest.lock\" > /dev/null\nif [[ $? != 0 ]] ; then\n    cat << EOM\nerror: The sandbox is not in sync with the Podfile.lock. Run 'pod install' or update your CocoaPods installation.\nEOM\n    exit 1\nfi\n";
			showEnvVarsInLog = 0;
		};
		B4FDC36BC3C1244824A9EADD /* Copy Pods Resources */ = {
			isa = PBXShellScriptBuildPhase;
			buildActionMask = 2147483647;
			files = (
			);
			inputPaths = (
			);
			name = "Copy Pods Resources";
			outputPaths = (
			);
			runOnlyForDeploymentPostprocessing = 0;
			shellPath = /bin/sh;
			shellScript = "\"${SRCROOT}/Pods/Target Support Files/Pods-ChildVCPureLayoutTryer/Pods-ChildVCPureLayoutTryer-resources.sh\"\n";
			showEnvVarsInLog = 0;
		};
/* End PBXShellScriptBuildPhase section */

/* Begin PBXSourcesBuildPhase section */
		307DAC991B3D108F005058F7 /* Sources */ = {
			isa = PBXSourcesBuildPhase;
			buildActionMask = 2147483647;
			files = (
				307DACCB1B3D12C5005058F7 /* SecondViewController.m in Sources */,
				307DACA91B3D108F005058F7 /* ViewController.m in Sources */,
				307DACA61B3D108F005058F7 /* AppDelegate.m in Sources */,
				30C1B73E1B3D50BC00E2D616 /* BPTabBar.m in Sources */,
				307DACA31B3D108F005058F7 /* main.m in Sources */,
				30C1B7341B3D4B0600E2D616 /* MyTabBarViewController.m in Sources */,
				30C1B73A1B3D4C1A00E2D616 /* UIViewController+Container.m in Sources */,
				307DACCA1B3D12C5005058F7 /* FirstViewController.m in Sources */,
			);
			runOnlyForDeploymentPostprocessing = 0;
		};
		307DACB21B3D1090005058F7 /* Sources */ = {
			isa = PBXSourcesBuildPhase;
			buildActionMask = 2147483647;
			files = (
				307DACBD1B3D1090005058F7 /* ChildVCPureLayoutTryerTests.m in Sources */,
			);
			runOnlyForDeploymentPostprocessing = 0;
		};
/* End PBXSourcesBuildPhase section */

/* Begin PBXTargetDependency section */
		307DACB81B3D1090005058F7 /* PBXTargetDependency */ = {
			isa = PBXTargetDependency;
			target = 307DAC9C1B3D108F005058F7 /* ChildVCPureLayoutTryer */;
			targetProxy = 307DACB71B3D1090005058F7 /* PBXContainerItemProxy */;
		};
/* End PBXTargetDependency section */

/* Begin PBXVariantGroup section */
		307DACAA1B3D108F005058F7 /* Main.storyboard */ = {
			isa = PBXVariantGroup;
			children = (
				307DACAB1B3D108F005058F7 /* Base */,
			);
			name = Main.storyboard;
			sourceTree = "<group>";
		};
		307DACAF1B3D108F005058F7 /* LaunchScreen.xib */ = {
			isa = PBXVariantGroup;
			children = (
				307DACB01B3D108F005058F7 /* Base */,
			);
			name = LaunchScreen.xib;
			sourceTree = "<group>";
		};
/* End PBXVariantGroup section */

/* Begin XCBuildConfiguration section */
		307DACBE1B3D1090005058F7 /* Debug */ = {
			isa = XCBuildConfiguration;
			buildSettings = {
				ALWAYS_SEARCH_USER_PATHS = NO;
				CLANG_CXX_LANGUAGE_STANDARD = "gnu++0x";
				CLANG_CXX_LIBRARY = "libc++";
				CLANG_ENABLE_MODULES = YES;
				CLANG_ENABLE_OBJC_ARC = YES;
				CLANG_WARN_BOOL_CONVERSION = YES;
				CLANG_WARN_CONSTANT_CONVERSION = YES;
				CLANG_WARN_DIRECT_OBJC_ISA_USAGE = YES_ERROR;
				CLANG_WARN_EMPTY_BODY = YES;
				CLANG_WARN_ENUM_CONVERSION = YES;
				CLANG_WARN_INT_CONVERSION = YES;
				CLANG_WARN_OBJC_ROOT_CLASS = YES_ERROR;
				CLANG_WARN_UNREACHABLE_CODE = YES;
				CLANG_WARN__DUPLICATE_METHOD_MATCH = YES;
				"CODE_SIGN_IDENTITY[sdk=iphoneos*]" = "iPhone Developer";
				COPY_PHASE_STRIP = NO;
				DEBUG_INFORMATION_FORMAT = "dwarf-with-dsym";
				ENABLE_STRICT_OBJC_MSGSEND = YES;
				GCC_C_LANGUAGE_STANDARD = gnu99;
				GCC_DYNAMIC_NO_PIC = NO;
				GCC_NO_COMMON_BLOCKS = YES;
				GCC_OPTIMIZATION_LEVEL = 0;
				GCC_PREPROCESSOR_DEFINITIONS = (
					"DEBUG=1",
					"$(inherited)",
				);
				GCC_SYMBOLS_PRIVATE_EXTERN = NO;
				GCC_WARN_64_TO_32_BIT_CONVERSION = YES;
				GCC_WARN_ABOUT_RETURN_TYPE = YES_ERROR;
				GCC_WARN_UNDECLARED_SELECTOR = YES;
				GCC_WARN_UNINITIALIZED_AUTOS = YES_AGGRESSIVE;
				GCC_WARN_UNUSED_FUNCTION = YES;
				GCC_WARN_UNUSED_VARIABLE = YES;
				IPHONEOS_DEPLOYMENT_TARGET = 8.3;
				MTL_ENABLE_DEBUG_INFO = YES;
				ONLY_ACTIVE_ARCH = YES;
				SDKROOT = iphoneos;
				TARGETED_DEVICE_FAMILY = "1,2";
			};
			name = Debug;
		};
		307DACBF1B3D1090005058F7 /* Release */ = {
			isa = XCBuildConfiguration;
			buildSettings = {
				ALWAYS_SEARCH_USER_PATHS = NO;
				CLANG_CXX_LANGUAGE_STANDARD = "gnu++0x";
				CLANG_CXX_LIBRARY = "libc++";
				CLANG_ENABLE_MODULES = YES;
				CLANG_ENABLE_OBJC_ARC = YES;
				CLANG_WARN_BOOL_CONVERSION = YES;
				CLANG_WARN_CONSTANT_CONVERSION = YES;
				CLANG_WARN_DIRECT_OBJC_ISA_USAGE = YES_ERROR;
				CLANG_WARN_EMPTY_BODY = YES;
				CLANG_WARN_ENUM_CONVERSION = YES;
				CLANG_WARN_INT_CONVERSION = YES;
				CLANG_WARN_OBJC_ROOT_CLASS = YES_ERROR;
				CLANG_WARN_UNREACHABLE_CODE = YES;
				CLANG_WARN__DUPLICATE_METHOD_MATCH = YES;
				"CODE_SIGN_IDENTITY[sdk=iphoneos*]" = "iPhone Developer";
				COPY_PHASE_STRIP = NO;
				DEBUG_INFORMATION_FORMAT = "dwarf-with-dsym";
				ENABLE_NS_ASSERTIONS = NO;
				ENABLE_STRICT_OBJC_MSGSEND = YES;
				GCC_C_LANGUAGE_STANDARD = gnu99;
				GCC_NO_COMMON_BLOCKS = YES;
				GCC_WARN_64_TO_32_BIT_CONVERSION = YES;
				GCC_WARN_ABOUT_RETURN_TYPE = YES_ERROR;
				GCC_WARN_UNDECLARED_SELECTOR = YES;
				GCC_WARN_UNINITIALIZED_AUTOS = YES_AGGRESSIVE;
				GCC_WARN_UNUSED_FUNCTION = YES;
				GCC_WARN_UNUSED_VARIABLE = YES;
				IPHONEOS_DEPLOYMENT_TARGET = 8.3;
				MTL_ENABLE_DEBUG_INFO = NO;
				SDKROOT = iphoneos;
				TARGETED_DEVICE_FAMILY = "1,2";
				VALIDATE_PRODUCT = YES;
			};
			name = Release;
		};
		307DACC11B3D1090005058F7 /* Debug */ = {
			isa = XCBuildConfiguration;
			baseConfigurationReference = 0DC39A084CC1514E2C016D39 /* Pods-ChildVCPureLayoutTryer.debug.xcconfig */;
			buildSettings = {
				ASSETCATALOG_COMPILER_APPICON_NAME = AppIcon;
				INFOPLIST_FILE = ChildVCPureLayoutTryer/Info.plist;
				LD_RUNPATH_SEARCH_PATHS = "$(inherited) @executable_path/Frameworks";
				PRODUCT_NAME = "$(TARGET_NAME)";
			};
			name = Debug;
		};
		307DACC21B3D1090005058F7 /* Release */ = {
			isa = XCBuildConfiguration;
			baseConfigurationReference = 7384FEE22426661BF0765DF7 /* Pods-ChildVCPureLayoutTryer.release.xcconfig */;
			buildSettings = {
				ASSETCATALOG_COMPILER_APPICON_NAME = AppIcon;
				INFOPLIST_FILE = ChildVCPureLayoutTryer/Info.plist;
				LD_RUNPATH_SEARCH_PATHS = "$(inherited) @executable_path/Frameworks";
				PRODUCT_NAME = "$(TARGET_NAME)";
			};
			name = Release;
		};
		307DACC41B3D1090005058F7 /* Debug */ = {
			isa = XCBuildConfiguration;
			buildSettings = {
				BUNDLE_LOADER = "$(TEST_HOST)";
				FRAMEWORK_SEARCH_PATHS = (
					"$(SDKROOT)/Developer/Library/Frameworks",
					"$(inherited)",
				);
				GCC_PREPROCESSOR_DEFINITIONS = (
					"DEBUG=1",
					"$(inherited)",
				);
				INFOPLIST_FILE = ChildVCPureLayoutTryerTests/Info.plist;
				LD_RUNPATH_SEARCH_PATHS = "$(inherited) @executable_path/Frameworks @loader_path/Frameworks";
				PRODUCT_NAME = "$(TARGET_NAME)";
				TEST_HOST = "$(BUILT_PRODUCTS_DIR)/ChildVCPureLayoutTryer.app/ChildVCPureLayoutTryer";
			};
			name = Debug;
		};
		307DACC51B3D1090005058F7 /* Release */ = {
			isa = XCBuildConfiguration;
			buildSettings = {
				BUNDLE_LOADER = "$(TEST_HOST)";
				FRAMEWORK_SEARCH_PATHS = (
					"$(SDKROOT)/Developer/Library/Frameworks",
					"$(inherited)",
				);
				INFOPLIST_FILE = ChildVCPureLayoutTryerTests/Info.plist;
				LD_RUNPATH_SEARCH_PATHS = "$(inherited) @executable_path/Frameworks @loader_path/Frameworks";
				PRODUCT_NAME = "$(TARGET_NAME)";
				TEST_HOST = "$(BUILT_PRODUCTS_DIR)/ChildVCPureLayoutTryer.app/ChildVCPureLayoutTryer";
			};
			name = Release;
		};
/* End XCBuildConfiguration section */

/* Begin XCConfigurationList section */
		307DAC981B3D108F005058F7 /* Build configuration list for PBXProject "ChildVCPureLayoutTryer" */ = {
			isa = XCConfigurationList;
			buildConfigurations = (
				307DACBE1B3D1090005058F7 /* Debug */,
				307DACBF1B3D1090005058F7 /* Release */,
			);
			defaultConfigurationIsVisible = 0;
			defaultConfigurationName = Release;
		};
		307DACC01B3D1090005058F7 /* Build configuration list for PBXNativeTarget "ChildVCPureLayoutTryer" */ = {
			isa = XCConfigurationList;
			buildConfigurations = (
				307DACC11B3D1090005058F7 /* Debug */,
				307DACC21B3D1090005058F7 /* Release */,
			);
			defaultConfigurationIsVisible = 0;
			defaultConfigurationName = Release;
		};
		307DACC31B3D1090005058F7 /* Build configuration list for PBXNativeTarget "ChildVCPureLayoutTryerTests" */ = {
			isa = XCConfigurationList;
			buildConfigurations = (
				307DACC41B3D1090005058F7 /* Debug */,
				307DACC51B3D1090005058F7 /* Release */,
			);
			defaultConfigurationIsVisible = 0;
			defaultConfigurationName = Release;
		};
/* End XCConfigurationList section */
	};
	rootObject = 307DAC951B3D108F005058F7 /* Project object */;
}
